
Microsoft Visual Studio Solution File, Format Version 12.00
# Visual Studio 15
VisualStudioVersion = 15.0.28307.1209
MinimumVisualStudioVersion = 10.0.40219.1
Project("{FAE04EC0-301F-11D3-BF4B-00C04F79EFBC}") = "DAndDInitHPTracker", "DAndDInitHPTracker\DAndDInitHPTracker.csproj", "{D81EFD7A-D607-4393-8D5B-17F4EF49C993}"
EndProject
Global
	GlobalSection(SolutionConfigurationPlatforms) = preSolution
		Debug|Any CPU = Debug|Any CPU
		Release|Any CPU = Release|Any CPU
	EndGlobalSection
	GlobalSection(ProjectConfigurationPlatforms) = postSolution
		{D81EFD7A-D607-4393-8D5B-17F4EF49C993}.Debug|Any CPU.ActiveCfg = Debug|Any CPU
		{D81EFD7A-D607-4393-8D5B-17F4EF49C993}.Debug|Any CPU.Build.0 = Debug|Any CPU
		{D81EFD7A-D607-4393-8D5B-17F4EF49C993}.Release|Any CPU.ActiveCfg = Release|Any CPU
		{D81EFD7A-D607-4393-8D5B-17F4EF49C993}.Release|Any CPU.Build.0 = Release|Any CPU
	EndGlobalSection
	GlobalSection(SolutionProperties) = preSolution
		HideSolutionNode = FALSE
	EndGlobalSection
	GlobalSection(ExtensibilityGlobals) = postSolution
		SolutionGuid = {44E4234E-24E3-40BF-A1DB-ABD5F4EA71F1}
	EndGlobalSection
EndGlobal
